// !$*UTF8*$!
{
	archiveVersion = 1;
	classes = {
	};
	objectVersion = 51;
	objects = {

/* Begin PBXBuildFile section */
		AB4057E52553FBC700C03C1E /* ShowAllCardViewController.swift in Sources */ = {isa = PBXBuildFile; fileRef = AB4057E42553FBC600C03C1E /* ShowAllCardViewController.swift */; };
		AB4057EC2553FCD700C03C1E /* ShowAllCardCollectionViewCell.swift in Sources */ = {isa = PBXBuildFile; fileRef = AB4057EB2553FCD700C03C1E /* ShowAllCardCollectionViewCell.swift */; };
		AB4057F62554707200C03C1E /* TestViewController.swift in Sources */ = {isa = PBXBuildFile; fileRef = AB4057F52554707100C03C1E /* TestViewController.swift */; };
		AB4C2C66254DEE75001CE842 /* AppDelegate.swift in Sources */ = {isa = PBXBuildFile; fileRef = AB4C2C65254DEE75001CE842 /* AppDelegate.swift */; };
		AB4C2C68254DEE75001CE842 /* SceneDelegate.swift in Sources */ = {isa = PBXBuildFile; fileRef = AB4C2C67254DEE75001CE842 /* SceneDelegate.swift */; };
		AB4C2C6A254DEE75001CE842 /* Quiz1ViewController.swift in Sources */ = {isa = PBXBuildFile; fileRef = AB4C2C69254DEE75001CE842 /* Quiz1ViewController.swift */; };
		AB4C2C6D254DEE75001CE842 /* Main.storyboard in Resources */ = {isa = PBXBuildFile; fileRef = AB4C2C6B254DEE75001CE842 /* Main.storyboard */; };
		AB4C2C6F254DEE78001CE842 /* Assets.xcassets in Resources */ = {isa = PBXBuildFile; fileRef = AB4C2C6E254DEE78001CE842 /* Assets.xcassets */; };
		AB4C2C72254DEE78001CE842 /* LaunchScreen.storyboard in Resources */ = {isa = PBXBuildFile; fileRef = AB4C2C70254DEE78001CE842 /* LaunchScreen.storyboard */; };
		AB4C2C7C254DF145001CE842 /* dataLibrary.swift in Sources */ = {isa = PBXBuildFile; fileRef = AB4C2C7B254DF145001CE842 /* dataLibrary.swift */; };
		AB4C2CAE254F21CB001CE842 /* 001.mp3 in Resources */ = {isa = PBXBuildFile; fileRef = AB4C2C82254F21CA001CE842 /* 001.mp3 */; };
		AB4C2CAF254F21CB001CE842 /* 040.mp3 in Resources */ = {isa = PBXBuildFile; fileRef = AB4C2C83254F21CA001CE842 /* 040.mp3 */; };
		AB4C2CB0254F21CB001CE842 /* 005.mp3 in Resources */ = {isa = PBXBuildFile; fileRef = AB4C2C84254F21CA001CE842 /* 005.mp3 */; };
		AB4C2CB1254F21CB001CE842 /* 003.mp3 in Resources */ = {isa = PBXBuildFile; fileRef = AB4C2C85254F21CA001CE842 /* 003.mp3 */; };
		AB4C2CB2254F21CB001CE842 /* 010.mp3 in Resources */ = {isa = PBXBuildFile; fileRef = AB4C2C86254F21CA001CE842 /* 010.mp3 */; };
		AB4C2CB3254F21CB001CE842 /* 013.mp3 in Resources */ = {isa = PBXBuildFile; fileRef = AB4C2C87254F21CA001CE842 /* 013.mp3 */; };
		AB4C2CB4254F21CB001CE842 /* 030.mp3 in Resources */ = {isa = PBXBuildFile; fileRef = AB4C2C88254F21CA001CE842 /* 030.mp3 */; };
		AB4C2CB5254F21CB001CE842 /* 043.mp3 in Resources */ = {isa = PBXBuildFile; fileRef = AB4C2C89254F21CA001CE842 /* 043.mp3 */; };
		AB4C2CB6254F21CB001CE842 /* 038.mp3 in Resources */ = {isa = PBXBuildFile; fileRef = AB4C2C8A254F21CA001CE842 /* 038.mp3 */; };
		AB4C2CB7254F21CB001CE842 /* 031.mp3 in Resources */ = {isa = PBXBuildFile; fileRef = AB4C2C8B254F21CA001CE842 /* 031.mp3 */; };
		AB4C2CB8254F21CB001CE842 /* 035.mp3 in Resources */ = {isa = PBXBuildFile; fileRef = AB4C2C8C254F21CA001CE842 /* 035.mp3 */; };
		AB4C2CB9254F21CB001CE842 /* 044.mp3 in Resources */ = {isa = PBXBuildFile; fileRef = AB4C2C8D254F21CA001CE842 /* 044.mp3 */; };
		AB4C2CBA254F21CB001CE842 /* 028.mp3 in Resources */ = {isa = PBXBuildFile; fileRef = AB4C2C8E254F21CA001CE842 /* 028.mp3 */; };
		AB4C2CBB254F21CB001CE842 /* 039.mp3 in Resources */ = {isa = PBXBuildFile; fileRef = AB4C2C8F254F21CA001CE842 /* 039.mp3 */; };
		AB4C2CBC254F21CB001CE842 /* 042.mp3 in Resources */ = {isa = PBXBuildFile; fileRef = AB4C2C90254F21CA001CE842 /* 042.mp3 */; };
		AB4C2CBD254F21CB001CE842 /* 023.mp3 in Resources */ = {isa = PBXBuildFile; fileRef = AB4C2C91254F21CA001CE842 /* 023.mp3 */; };
		AB4C2CBE254F21CB001CE842 /* 020.mp3 in Resources */ = {isa = PBXBuildFile; fileRef = AB4C2C92254F21CA001CE842 /* 020.mp3 */; };
		AB4C2CBF254F21CB001CE842 /* 004.mp3 in Resources */ = {isa = PBXBuildFile; fileRef = AB4C2C93254F21CA001CE842 /* 004.mp3 */; };
		AB4C2CC0254F21CB001CE842 /* 019.mp3 in Resources */ = {isa = PBXBuildFile; fileRef = AB4C2C94254F21CB001CE842 /* 019.mp3 */; };
		AB4C2CC1254F21CB001CE842 /* 017.mp3 in Resources */ = {isa = PBXBuildFile; fileRef = AB4C2C95254F21CB001CE842 /* 017.mp3 */; };
		AB4C2CC2254F21CB001CE842 /* 022.mp3 in Resources */ = {isa = PBXBuildFile; fileRef = AB4C2C96254F21CB001CE842 /* 022.mp3 */; };
		AB4C2CC3254F21CB001CE842 /* 041.mp3 in Resources */ = {isa = PBXBuildFile; fileRef = AB4C2C97254F21CB001CE842 /* 041.mp3 */; };
		AB4C2CC4254F21CB001CE842 /* 009.mp3 in Resources */ = {isa = PBXBuildFile; fileRef = AB4C2C98254F21CB001CE842 /* 009.mp3 */; };
		AB4C2CC5254F21CB001CE842 /* 002.mp3 in Resources */ = {isa = PBXBuildFile; fileRef = AB4C2C99254F21CB001CE842 /* 002.mp3 */; };
		AB4C2CC6254F21CB001CE842 /* 016.mp3 in Resources */ = {isa = PBXBuildFile; fileRef = AB4C2C9A254F21CB001CE842 /* 016.mp3 */; };
		AB4C2CC7254F21CB001CE842 /* 007.mp3 in Resources */ = {isa = PBXBuildFile; fileRef = AB4C2C9B254F21CB001CE842 /* 007.mp3 */; };
		AB4C2CC8254F21CB001CE842 /* 018.mp3 in Resources */ = {isa = PBXBuildFile; fileRef = AB4C2C9C254F21CB001CE842 /* 018.mp3 */; };
		AB4C2CC9254F21CB001CE842 /* 026.mp3 in Resources */ = {isa = PBXBuildFile; fileRef = AB4C2C9D254F21CB001CE842 /* 026.mp3 */; };
		AB4C2CCA254F21CB001CE842 /* 036.mp3 in Resources */ = {isa = PBXBuildFile; fileRef = AB4C2C9E254F21CB001CE842 /* 036.mp3 */; };
		AB4C2CCB254F21CB001CE842 /* 006.mp3 in Resources */ = {isa = PBXBuildFile; fileRef = AB4C2C9F254F21CB001CE842 /* 006.mp3 */; };
		AB4C2CCC254F21CB001CE842 /* 011.mp3 in Resources */ = {isa = PBXBuildFile; fileRef = AB4C2CA0254F21CB001CE842 /* 011.mp3 */; };
		AB4C2CCD254F21CB001CE842 /* 024.mp3 in Resources */ = {isa = PBXBuildFile; fileRef = AB4C2CA1254F21CB001CE842 /* 024.mp3 */; };
		AB4C2CCE254F21CB001CE842 /* 029.mp3 in Resources */ = {isa = PBXBuildFile; fileRef = AB4C2CA2254F21CB001CE842 /* 029.mp3 */; };
		AB4C2CCF254F21CB001CE842 /* 012.mp3 in Resources */ = {isa = PBXBuildFile; fileRef = AB4C2CA3254F21CB001CE842 /* 012.mp3 */; };
		AB4C2CD0254F21CB001CE842 /* 027.mp3 in Resources */ = {isa = PBXBuildFile; fileRef = AB4C2CA4254F21CB001CE842 /* 027.mp3 */; };
		AB4C2CD1254F21CB001CE842 /* 032.mp3 in Resources */ = {isa = PBXBuildFile; fileRef = AB4C2CA5254F21CB001CE842 /* 032.mp3 */; };
		AB4C2CD2254F21CB001CE842 /* 033.mp3 in Resources */ = {isa = PBXBuildFile; fileRef = AB4C2CA6254F21CB001CE842 /* 033.mp3 */; };
		AB4C2CD3254F21CB001CE842 /* 034.mp3 in Resources */ = {isa = PBXBuildFile; fileRef = AB4C2CA7254F21CB001CE842 /* 034.mp3 */; };
		AB4C2CD4254F21CB001CE842 /* 037.mp3 in Resources */ = {isa = PBXBuildFile; fileRef = AB4C2CA8254F21CB001CE842 /* 037.mp3 */; };
		AB4C2CD5254F21CB001CE842 /* 008.mp3 in Resources */ = {isa = PBXBuildFile; fileRef = AB4C2CA9254F21CB001CE842 /* 008.mp3 */; };
		AB4C2CD6254F21CB001CE842 /* 025.mp3 in Resources */ = {isa = PBXBuildFile; fileRef = AB4C2CAA254F21CB001CE842 /* 025.mp3 */; };
		AB4C2CD7254F21CB001CE842 /* 015.mp3 in Resources */ = {isa = PBXBuildFile; fileRef = AB4C2CAB254F21CB001CE842 /* 015.mp3 */; };
		AB4C2CD8254F21CB001CE842 /* 021.mp3 in Resources */ = {isa = PBXBuildFile; fileRef = AB4C2CAC254F21CB001CE842 /* 021.mp3 */; };
		AB4C2CD9254F21CB001CE842 /* 014.mp3 in Resources */ = {isa = PBXBuildFile; fileRef = AB4C2CAD254F21CB001CE842 /* 014.mp3 */; };
		AB4C2D06254F4E02001CE842 /* AlphabetsCard.swift in Sources */ = {isa = PBXBuildFile; fileRef = AB4C2D05254F4E02001CE842 /* AlphabetsCard.swift */; };
		AB4C2D0A254F51CE001CE842 /* AlphabetsCardModel.swift in Sources */ = {isa = PBXBuildFile; fileRef = AB4C2D09254F51CE001CE842 /* AlphabetsCardModel.swift */; };
		AB4C2D0D254F5255001CE842 /* SwipeCardOverlay.swift in Sources */ = {isa = PBXBuildFile; fileRef = AB4C2D0C254F5255001CE842 /* SwipeCardOverlay.swift */; };
		AB4C2D12254F52D3001CE842 /* extensions.swift in Sources */ = {isa = PBXBuildFile; fileRef = AB4C2D11254F52D3001CE842 /* extensions.swift */; };
		AB4C2D17254F5499001CE842 /* SwipeCardFooterView.swift in Sources */ = {isa = PBXBuildFile; fileRef = AB4C2D16254F5499001CE842 /* SwipeCardFooterView.swift */; };
		AB4C2D1C254F54FD001CE842 /* SwipeCardContentView.swift in Sources */ = {isa = PBXBuildFile; fileRef = AB4C2D1B254F54FD001CE842 /* SwipeCardContentView.swift */; };
		AB4C2D1F254F55C3001CE842 /* AlphabetCardViewController.swift in Sources */ = {isa = PBXBuildFile; fileRef = AB4C2D1E254F55C3001CE842 /* AlphabetCardViewController.swift */; };
		AB4C2D29254F5805001CE842 /* ButtonStackView.swift in Sources */ = {isa = PBXBuildFile; fileRef = AB4C2D28254F5805001CE842 /* ButtonStackView.swift */; };
		AB4C2D2C254F583D001CE842 /* ControlButton.swift in Sources */ = {isa = PBXBuildFile; fileRef = AB4C2D2B254F583D001CE842 /* ControlButton.swift */; };
		AB4C2D33254F783A001CE842 /* GlobalFunction.swift in Sources */ = {isa = PBXBuildFile; fileRef = AB4C2D32254F7839001CE842 /* GlobalFunction.swift */; };
		AB4C2D42254FFCC3001CE842 /* ThaiForBeginerCoreData.xcdatamodeld in Sources */ = {isa = PBXBuildFile; fileRef = AB4C2D40254FFCC3001CE842 /* ThaiForBeginerCoreData.xcdatamodeld */; };
		AB4C2D46255000E1001CE842 /* QuizBrain.swift in Sources */ = {isa = PBXBuildFile; fileRef = AB4C2D45255000E1001CE842 /* QuizBrain.swift */; };
		AB4C2D49255003E2001CE842 /* GeneralConstants.swift in Sources */ = {isa = PBXBuildFile; fileRef = AB4C2D48255003E2001CE842 /* GeneralConstants.swift */; };
		AB4C2D4C25501610001CE842 /* QuizResultViewController.swift in Sources */ = {isa = PBXBuildFile; fileRef = AB4C2D4B25501610001CE842 /* QuizResultViewController.swift */; };
		AB4C2D7B255093B6001CE842 /* 214.mp3 in Resources */ = {isa = PBXBuildFile; fileRef = AB4C2D66255093B5001CE842 /* 214.mp3 */; };
		AB4C2D7C255093B6001CE842 /* 219.mp3 in Resources */ = {isa = PBXBuildFile; fileRef = AB4C2D67255093B5001CE842 /* 219.mp3 */; };
		AB4C2D7D255093B6001CE842 /* 206.mp3 in Resources */ = {isa = PBXBuildFile; fileRef = AB4C2D68255093B5001CE842 /* 206.mp3 */; };
		AB4C2D7E255093B6001CE842 /* 203.mp3 in Resources */ = {isa = PBXBuildFile; fileRef = AB4C2D69255093B5001CE842 /* 203.mp3 */; };
		AB4C2D7F255093B6001CE842 /* 211.mp3 in Resources */ = {isa = PBXBuildFile; fileRef = AB4C2D6A255093B5001CE842 /* 211.mp3 */; };
		AB4C2D80255093B6001CE842 /* 208.mp3 in Resources */ = {isa = PBXBuildFile; fileRef = AB4C2D6B255093B5001CE842 /* 208.mp3 */; };
		AB4C2D81255093B6001CE842 /* 220.mp3 in Resources */ = {isa = PBXBuildFile; fileRef = AB4C2D6C255093B5001CE842 /* 220.mp3 */; };
		AB4C2D82255093B6001CE842 /* 201.mp3 in Resources */ = {isa = PBXBuildFile; fileRef = AB4C2D6D255093B5001CE842 /* 201.mp3 */; };
		AB4C2D83255093B6001CE842 /* 215.mp3 in Resources */ = {isa = PBXBuildFile; fileRef = AB4C2D6E255093B5001CE842 /* 215.mp3 */; };
		AB4C2D84255093B6001CE842 /* 207.mp3 in Resources */ = {isa = PBXBuildFile; fileRef = AB4C2D6F255093B5001CE842 /* 207.mp3 */; };
		AB4C2D85255093B6001CE842 /* 221.mp3 in Resources */ = {isa = PBXBuildFile; fileRef = AB4C2D70255093B5001CE842 /* 221.mp3 */; };
		AB4C2D86255093B6001CE842 /* 210.mp3 in Resources */ = {isa = PBXBuildFile; fileRef = AB4C2D71255093B5001CE842 /* 210.mp3 */; };
		AB4C2D87255093B6001CE842 /* 212.mp3 in Resources */ = {isa = PBXBuildFile; fileRef = AB4C2D72255093B5001CE842 /* 212.mp3 */; };
		AB4C2D88255093B6001CE842 /* 205.mp3 in Resources */ = {isa = PBXBuildFile; fileRef = AB4C2D73255093B5001CE842 /* 205.mp3 */; };
		AB4C2D89255093B6001CE842 /* 213.mp3 in Resources */ = {isa = PBXBuildFile; fileRef = AB4C2D74255093B5001CE842 /* 213.mp3 */; };
		AB4C2D8A255093B6001CE842 /* 209.mp3 in Resources */ = {isa = PBXBuildFile; fileRef = AB4C2D75255093B5001CE842 /* 209.mp3 */; };
		AB4C2D8B255093B6001CE842 /* 204.mp3 in Resources */ = {isa = PBXBuildFile; fileRef = AB4C2D76255093B5001CE842 /* 204.mp3 */; };
		AB4C2D8C255093B6001CE842 /* 217.mp3 in Resources */ = {isa = PBXBuildFile; fileRef = AB4C2D77255093B6001CE842 /* 217.mp3 */; };
		AB4C2D8D255093B6001CE842 /* 218.mp3 in Resources */ = {isa = PBXBuildFile; fileRef = AB4C2D78255093B6001CE842 /* 218.mp3 */; };
		AB4C2D8E255093B6001CE842 /* 216.mp3 in Resources */ = {isa = PBXBuildFile; fileRef = AB4C2D79255093B6001CE842 /* 216.mp3 */; };
		AB4C2D8F255093B6001CE842 /* 202.mp3 in Resources */ = {isa = PBXBuildFile; fileRef = AB4C2D7A255093B6001CE842 /* 202.mp3 */; };
		AB4C2DB1255093F9001CE842 /* 123.mp3 in Resources */ = {isa = PBXBuildFile; fileRef = AB4C2D91255093F8001CE842 /* 123.mp3 */; };
		AB4C2DB2255093F9001CE842 /* 130.mp3 in Resources */ = {isa = PBXBuildFile; fileRef = AB4C2D92255093F8001CE842 /* 130.mp3 */; };
		AB4C2DB3255093F9001CE842 /* 103.mp3 in Resources */ = {isa = PBXBuildFile; fileRef = AB4C2D93255093F8001CE842 /* 103.mp3 */; };
		AB4C2DB4255093F9001CE842 /* 126.mp3 in Resources */ = {isa = PBXBuildFile; fileRef = AB4C2D94255093F8001CE842 /* 126.mp3 */; };
		AB4C2DB5255093F9001CE842 /* 104.mp3 in Resources */ = {isa = PBXBuildFile; fileRef = AB4C2D95255093F8001CE842 /* 104.mp3 */; };
		AB4C2DB6255093F9001CE842 /* 116.mp3 in Resources */ = {isa = PBXBuildFile; fileRef = AB4C2D96255093F8001CE842 /* 116.mp3 */; };
		AB4C2DB7255093F9001CE842 /* 122.mp3 in Resources */ = {isa = PBXBuildFile; fileRef = AB4C2D97255093F8001CE842 /* 122.mp3 */; };
		AB4C2DB8255093F9001CE842 /* 121.mp3 in Resources */ = {isa = PBXBuildFile; fileRef = AB4C2D98255093F8001CE842 /* 121.mp3 */; };
		AB4C2DB9255093F9001CE842 /* 118.mp3 in Resources */ = {isa = PBXBuildFile; fileRef = AB4C2D99255093F8001CE842 /* 118.mp3 */; };
		AB4C2DBA255093F9001CE842 /* 102.mp3 in Resources */ = {isa = PBXBuildFile; fileRef = AB4C2D9A255093F8001CE842 /* 102.mp3 */; };
		AB4C2DBB255093F9001CE842 /* 127.mp3 in Resources */ = {isa = PBXBuildFile; fileRef = AB4C2D9B255093F8001CE842 /* 127.mp3 */; };
		AB4C2DBC255093F9001CE842 /* 114.mp3 in Resources */ = {isa = PBXBuildFile; fileRef = AB4C2D9C255093F8001CE842 /* 114.mp3 */; };
		AB4C2DBD255093F9001CE842 /* 117.mp3 in Resources */ = {isa = PBXBuildFile; fileRef = AB4C2D9D255093F8001CE842 /* 117.mp3 */; };
		AB4C2DBE255093F9001CE842 /* 113.mp3 in Resources */ = {isa = PBXBuildFile; fileRef = AB4C2D9E255093F8001CE842 /* 113.mp3 */; };
		AB4C2DBF255093F9001CE842 /* 120.mp3 in Resources */ = {isa = PBXBuildFile; fileRef = AB4C2D9F255093F8001CE842 /* 120.mp3 */; };
		AB4C2DC0255093F9001CE842 /* 108.mp3 in Resources */ = {isa = PBXBuildFile; fileRef = AB4C2DA0255093F8001CE842 /* 108.mp3 */; };
		AB4C2DC1255093F9001CE842 /* 110.mp3 in Resources */ = {isa = PBXBuildFile; fileRef = AB4C2DA1255093F8001CE842 /* 110.mp3 */; };
		AB4C2DC2255093F9001CE842 /* 105.mp3 in Resources */ = {isa = PBXBuildFile; fileRef = AB4C2DA2255093F8001CE842 /* 105.mp3 */; };
		AB4C2DC3255093F9001CE842 /* 112.mp3 in Resources */ = {isa = PBXBuildFile; fileRef = AB4C2DA3255093F8001CE842 /* 112.mp3 */; };
		AB4C2DC4255093F9001CE842 /* 101.mp3 in Resources */ = {isa = PBXBuildFile; fileRef = AB4C2DA4255093F8001CE842 /* 101.mp3 */; };
		AB4C2DC5255093F9001CE842 /* 132.mp3 in Resources */ = {isa = PBXBuildFile; fileRef = AB4C2DA5255093F8001CE842 /* 132.mp3 */; };
		AB4C2DC6255093F9001CE842 /* 124.mp3 in Resources */ = {isa = PBXBuildFile; fileRef = AB4C2DA6255093F8001CE842 /* 124.mp3 */; };
		AB4C2DC7255093F9001CE842 /* 109.mp3 in Resources */ = {isa = PBXBuildFile; fileRef = AB4C2DA7255093F8001CE842 /* 109.mp3 */; };
		AB4C2DC8255093F9001CE842 /* 111.mp3 in Resources */ = {isa = PBXBuildFile; fileRef = AB4C2DA8255093F9001CE842 /* 111.mp3 */; };
		AB4C2DC9255093F9001CE842 /* 107.mp3 in Resources */ = {isa = PBXBuildFile; fileRef = AB4C2DA9255093F9001CE842 /* 107.mp3 */; };
		AB4C2DCA255093F9001CE842 /* 131.mp3 in Resources */ = {isa = PBXBuildFile; fileRef = AB4C2DAA255093F9001CE842 /* 131.mp3 */; };
		AB4C2DCB255093F9001CE842 /* 129.mp3 in Resources */ = {isa = PBXBuildFile; fileRef = AB4C2DAB255093F9001CE842 /* 129.mp3 */; };
		AB4C2DCC255093F9001CE842 /* 106.mp3 in Resources */ = {isa = PBXBuildFile; fileRef = AB4C2DAC255093F9001CE842 /* 106.mp3 */; };
		AB4C2DCD255093F9001CE842 /* 115.mp3 in Resources */ = {isa = PBXBuildFile; fileRef = AB4C2DAD255093F9001CE842 /* 115.mp3 */; };
		AB4C2DCE255093F9001CE842 /* 125.mp3 in Resources */ = {isa = PBXBuildFile; fileRef = AB4C2DAE255093F9001CE842 /* 125.mp3 */; };
		AB4C2DCF255093F9001CE842 /* 128.mp3 in Resources */ = {isa = PBXBuildFile; fileRef = AB4C2DAF255093F9001CE842 /* 128.mp3 */; };
		AB4C2DD0255093F9001CE842 /* 119.mp3 in Resources */ = {isa = PBXBuildFile; fileRef = AB4C2DB0255093F9001CE842 /* 119.mp3 */; };
		AB4C2DD42550977D001CE842 /* VowelsCardViewController.swift in Sources */ = {isa = PBXBuildFile; fileRef = AB4C2DD32550977D001CE842 /* VowelsCardViewController.swift */; };
		AB4C2DD7255175E5001CE842 /* QuizViewController.swift in Sources */ = {isa = PBXBuildFile; fileRef = AB4C2DD6255175E4001CE842 /* QuizViewController.swift */; };
		AB4C2DDB25518085001CE842 /* AlertView.xib in Resources */ = {isa = PBXBuildFile; fileRef = AB4C2DDA25518085001CE842 /* AlertView.xib */; };
		AB4C2DEB2551CBD7001CE842 /* sound-incorrect.mp3 in Resources */ = {isa = PBXBuildFile; fileRef = AB4C2DE92551CBD6001CE842 /* sound-incorrect.mp3 */; };
		AB4C2DEC2551CBD7001CE842 /* sound-correct.mp3 in Resources */ = {isa = PBXBuildFile; fileRef = AB4C2DEA2551CBD7001CE842 /* sound-correct.mp3 */; };
		AB4C2DEF2551CDCF001CE842 /* sound-incorrect1.mp3 in Resources */ = {isa = PBXBuildFile; fileRef = AB4C2DEE2551CDCE001CE842 /* sound-incorrect1.mp3 */; };
		AB4C2DFD2551DA95001CE842 /* VowelsCard.swift in Sources */ = {isa = PBXBuildFile; fileRef = AB4C2DFC2551DA95001CE842 /* VowelsCard.swift */; };
		AB4C2E022551DAB2001CE842 /* VowelCardModel.swift in Sources */ = {isa = PBXBuildFile; fileRef = AB4C2E012551DAB2001CE842 /* VowelCardModel.swift */; };
		AB4C2E12255228F2001CE842 /* VowelQuizViewController.swift in Sources */ = {isa = PBXBuildFile; fileRef = AB4C2E11255228F1001CE842 /* VowelQuizViewController.swift */; };
		AB4C2E1525522B85001CE842 /* HomeViewController.swift in Sources */ = {isa = PBXBuildFile; fileRef = AB4C2E1425522B85001CE842 /* HomeViewController.swift */; };
		AB4C2E1825522B9E001CE842 /* AlphabetMenuViewController.swift in Sources */ = {isa = PBXBuildFile; fileRef = AB4C2E1725522B9E001CE842 /* AlphabetMenuViewController.swift */; };
		AB4C2E1B25522BBF001CE842 /* VowelMenuViewController.swift in Sources */ = {isa = PBXBuildFile; fileRef = AB4C2E1A25522BBF001CE842 /* VowelMenuViewController.swift */; };
		AB4C2E1E2552B281001CE842 /* SettingViewController.swift in Sources */ = {isa = PBXBuildFile; fileRef = AB4C2E1D2552B280001CE842 /* SettingViewController.swift */; };
		E37A6839345253D52A8F4354 /* Pods_Thai_For_Beginer.framework in Frameworks */ = {isa = PBXBuildFile; fileRef = 671FBB145AB24DF0555EE187 /* Pods_Thai_For_Beginer.framework */; };
/* End PBXBuildFile section */

/* Begin PBXFileReference section */
		671FBB145AB24DF0555EE187 /* Pods_Thai_For_Beginer.framework */ = {isa = PBXFileReference; explicitFileType = wrapper.framework; includeInIndex = 0; path = Pods_Thai_For_Beginer.framework; sourceTree = BUILT_PRODUCTS_DIR; };
		80DEA38A933329E4A20B499D /* Pods-Thai-For-Beginer.release.xcconfig */ = {isa = PBXFileReference; includeInIndex = 1; lastKnownFileType = text.xcconfig; name = "Pods-Thai-For-Beginer.release.xcconfig"; path = "Target Support Files/Pods-Thai-For-Beginer/Pods-Thai-For-Beginer.release.xcconfig"; sourceTree = "<group>"; };
		AB4057E42553FBC600C03C1E /* ShowAllCardViewController.swift */ = {isa = PBXFileReference; lastKnownFileType = sourcecode.swift; path = ShowAllCardViewController.swift; sourceTree = "<group>"; };
		AB4057EB2553FCD700C03C1E /* ShowAllCardCollectionViewCell.swift */ = {isa = PBXFileReference; lastKnownFileType = sourcecode.swift; path = ShowAllCardCollectionViewCell.swift; sourceTree = "<group>"; };
		AB4057F52554707100C03C1E /* TestViewController.swift */ = {isa = PBXFileReference; lastKnownFileType = sourcecode.swift; path = TestViewController.swift; sourceTree = "<group>"; };
		AB4C2C62254DEE75001CE842 /* Thai-For-Beginer.app */ = {isa = PBXFileReference; explicitFileType = wrapper.application; includeInIndex = 0; path = "Thai-For-Beginer.app"; sourceTree = BUILT_PRODUCTS_DIR; };
		AB4C2C65254DEE75001CE842 /* AppDelegate.swift */ = {isa = PBXFileReference; lastKnownFileType = sourcecode.swift; path = AppDelegate.swift; sourceTree = "<group>"; };
		AB4C2C67254DEE75001CE842 /* SceneDelegate.swift */ = {isa = PBXFileReference; lastKnownFileType = sourcecode.swift; path = SceneDelegate.swift; sourceTree = "<group>"; };
		AB4C2C69254DEE75001CE842 /* Quiz1ViewController.swift */ = {isa = PBXFileReference; lastKnownFileType = sourcecode.swift; path = Quiz1ViewController.swift; sourceTree = "<group>"; };
		AB4C2C6C254DEE75001CE842 /* Base */ = {isa = PBXFileReference; lastKnownFileType = file.storyboard; name = Base; path = Base.lproj/Main.storyboard; sourceTree = "<group>"; };
		AB4C2C6E254DEE78001CE842 /* Assets.xcassets */ = {isa = PBXFileReference; lastKnownFileType = folder.assetcatalog; path = Assets.xcassets; sourceTree = "<group>"; };
		AB4C2C71254DEE78001CE842 /* Base */ = {isa = PBXFileReference; lastKnownFileType = file.storyboard; name = Base; path = Base.lproj/LaunchScreen.storyboard; sourceTree = "<group>"; };
		AB4C2C73254DEE78001CE842 /* Info.plist */ = {isa = PBXFileReference; lastKnownFileType = text.plist.xml; path = Info.plist; sourceTree = "<group>"; };
		AB4C2C7B254DF145001CE842 /* dataLibrary.swift */ = {isa = PBXFileReference; lastKnownFileType = sourcecode.swift; path = dataLibrary.swift; sourceTree = "<group>"; };
		AB4C2C82254F21CA001CE842 /* 001.mp3 */ = {isa = PBXFileReference; lastKnownFileType = audio.mp3; path = 001.mp3; sourceTree = "<group>"; };
		AB4C2C83254F21CA001CE842 /* 040.mp3 */ = {isa = PBXFileReference; lastKnownFileType = audio.mp3; path = 040.mp3; sourceTree = "<group>"; };
		AB4C2C84254F21CA001CE842 /* 005.mp3 */ = {isa = PBXFileReference; lastKnownFileType = audio.mp3; path = 005.mp3; sourceTree = "<group>"; };
		AB4C2C85254F21CA001CE842 /* 003.mp3 */ = {isa = PBXFileReference; lastKnownFileType = audio.mp3; path = 003.mp3; sourceTree = "<group>"; };
		AB4C2C86254F21CA001CE842 /* 010.mp3 */ = {isa = PBXFileReference; lastKnownFileType = audio.mp3; path = 010.mp3; sourceTree = "<group>"; };
		AB4C2C87254F21CA001CE842 /* 013.mp3 */ = {isa = PBXFileReference; lastKnownFileType = audio.mp3; path = 013.mp3; sourceTree = "<group>"; };
		AB4C2C88254F21CA001CE842 /* 030.mp3 */ = {isa = PBXFileReference; lastKnownFileType = audio.mp3; path = 030.mp3; sourceTree = "<group>"; };
		AB4C2C89254F21CA001CE842 /* 043.mp3 */ = {isa = PBXFileReference; lastKnownFileType = audio.mp3; path = 043.mp3; sourceTree = "<group>"; };
		AB4C2C8A254F21CA001CE842 /* 038.mp3 */ = {isa = PBXFileReference; lastKnownFileType = audio.mp3; path = 038.mp3; sourceTree = "<group>"; };
		AB4C2C8B254F21CA001CE842 /* 031.mp3 */ = {isa = PBXFileReference; lastKnownFileType = audio.mp3; path = 031.mp3; sourceTree = "<group>"; };
		AB4C2C8C254F21CA001CE842 /* 035.mp3 */ = {isa = PBXFileReference; lastKnownFileType = audio.mp3; path = 035.mp3; sourceTree = "<group>"; };
		AB4C2C8D254F21CA001CE842 /* 044.mp3 */ = {isa = PBXFileReference; lastKnownFileType = audio.mp3; path = 044.mp3; sourceTree = "<group>"; };
		AB4C2C8E254F21CA001CE842 /* 028.mp3 */ = {isa = PBXFileReference; lastKnownFileType = audio.mp3; path = 028.mp3; sourceTree = "<group>"; };
		AB4C2C8F254F21CA001CE842 /* 039.mp3 */ = {isa = PBXFileReference; lastKnownFileType = audio.mp3; path = 039.mp3; sourceTree = "<group>"; };
		AB4C2C90254F21CA001CE842 /* 042.mp3 */ = {isa = PBXFileReference; lastKnownFileType = audio.mp3; path = 042.mp3; sourceTree = "<group>"; };
		AB4C2C91254F21CA001CE842 /* 023.mp3 */ = {isa = PBXFileReference; lastKnownFileType = audio.mp3; path = 023.mp3; sourceTree = "<group>"; };
		AB4C2C92254F21CA001CE842 /* 020.mp3 */ = {isa = PBXFileReference; lastKnownFileType = audio.mp3; path = 020.mp3; sourceTree = "<group>"; };
		AB4C2C93254F21CA001CE842 /* 004.mp3 */ = {isa = PBXFileReference; lastKnownFileType = audio.mp3; path = 004.mp3; sourceTree = "<group>"; };
		AB4C2C94254F21CB001CE842 /* 019.mp3 */ = {isa = PBXFileReference; lastKnownFileType = audio.mp3; path = 019.mp3; sourceTree = "<group>"; };
		AB4C2C95254F21CB001CE842 /* 017.mp3 */ = {isa = PBXFileReference; lastKnownFileType = audio.mp3; path = 017.mp3; sourceTree = "<group>"; };
		AB4C2C96254F21CB001CE842 /* 022.mp3 */ = {isa = PBXFileReference; lastKnownFileType = audio.mp3; path = 022.mp3; sourceTree = "<group>"; };
		AB4C2C97254F21CB001CE842 /* 041.mp3 */ = {isa = PBXFileReference; lastKnownFileType = audio.mp3; path = 041.mp3; sourceTree = "<group>"; };
		AB4C2C98254F21CB001CE842 /* 009.mp3 */ = {isa = PBXFileReference; lastKnownFileType = audio.mp3; path = 009.mp3; sourceTree = "<group>"; };
		AB4C2C99254F21CB001CE842 /* 002.mp3 */ = {isa = PBXFileReference; lastKnownFileType = audio.mp3; path = 002.mp3; sourceTree = "<group>"; };
		AB4C2C9A254F21CB001CE842 /* 016.mp3 */ = {isa = PBXFileReference; lastKnownFileType = audio.mp3; path = 016.mp3; sourceTree = "<group>"; };
		AB4C2C9B254F21CB001CE842 /* 007.mp3 */ = {isa = PBXFileReference; lastKnownFileType = audio.mp3; path = 007.mp3; sourceTree = "<group>"; };
		AB4C2C9C254F21CB001CE842 /* 018.mp3 */ = {isa = PBXFileReference; lastKnownFileType = audio.mp3; path = 018.mp3; sourceTree = "<group>"; };
		AB4C2C9D254F21CB001CE842 /* 026.mp3 */ = {isa = PBXFileReference; lastKnownFileType = audio.mp3; path = 026.mp3; sourceTree = "<group>"; };
		AB4C2C9E254F21CB001CE842 /* 036.mp3 */ = {isa = PBXFileReference; lastKnownFileType = audio.mp3; path = 036.mp3; sourceTree = "<group>"; };
		AB4C2C9F254F21CB001CE842 /* 006.mp3 */ = {isa = PBXFileReference; lastKnownFileType = audio.mp3; path = 006.mp3; sourceTree = "<group>"; };
		AB4C2CA0254F21CB001CE842 /* 011.mp3 */ = {isa = PBXFileReference; lastKnownFileType = audio.mp3; path = 011.mp3; sourceTree = "<group>"; };
		AB4C2CA1254F21CB001CE842 /* 024.mp3 */ = {isa = PBXFileReference; lastKnownFileType = audio.mp3; path = 024.mp3; sourceTree = "<group>"; };
		AB4C2CA2254F21CB001CE842 /* 029.mp3 */ = {isa = PBXFileReference; lastKnownFileType = audio.mp3; path = 029.mp3; sourceTree = "<group>"; };
		AB4C2CA3254F21CB001CE842 /* 012.mp3 */ = {isa = PBXFileReference; lastKnownFileType = audio.mp3; path = 012.mp3; sourceTree = "<group>"; };
		AB4C2CA4254F21CB001CE842 /* 027.mp3 */ = {isa = PBXFileReference; lastKnownFileType = audio.mp3; path = 027.mp3; sourceTree = "<group>"; };
		AB4C2CA5254F21CB001CE842 /* 032.mp3 */ = {isa = PBXFileReference; lastKnownFileType = audio.mp3; path = 032.mp3; sourceTree = "<group>"; };
		AB4C2CA6254F21CB001CE842 /* 033.mp3 */ = {isa = PBXFileReference; lastKnownFileType = audio.mp3; path = 033.mp3; sourceTree = "<group>"; };
		AB4C2CA7254F21CB001CE842 /* 034.mp3 */ = {isa = PBXFileReference; lastKnownFileType = audio.mp3; path = 034.mp3; sourceTree = "<group>"; };
		AB4C2CA8254F21CB001CE842 /* 037.mp3 */ = {isa = PBXFileReference; lastKnownFileType = audio.mp3; path = 037.mp3; sourceTree = "<group>"; };
		AB4C2CA9254F21CB001CE842 /* 008.mp3 */ = {isa = PBXFileReference; lastKnownFileType = audio.mp3; path = 008.mp3; sourceTree = "<group>"; };
		AB4C2CAA254F21CB001CE842 /* 025.mp3 */ = {isa = PBXFileReference; lastKnownFileType = audio.mp3; path = 025.mp3; sourceTree = "<group>"; };
		AB4C2CAB254F21CB001CE842 /* 015.mp3 */ = {isa = PBXFileReference; lastKnownFileType = audio.mp3; path = 015.mp3; sourceTree = "<group>"; };
		AB4C2CAC254F21CB001CE842 /* 021.mp3 */ = {isa = PBXFileReference; lastKnownFileType = audio.mp3; path = 021.mp3; sourceTree = "<group>"; };
		AB4C2CAD254F21CB001CE842 /* 014.mp3 */ = {isa = PBXFileReference; lastKnownFileType = audio.mp3; path = 014.mp3; sourceTree = "<group>"; };
		AB4C2D05254F4E02001CE842 /* AlphabetsCard.swift */ = {isa = PBXFileReference; lastKnownFileType = sourcecode.swift; path = AlphabetsCard.swift; sourceTree = "<group>"; };
		AB4C2D09254F51CE001CE842 /* AlphabetsCardModel.swift */ = {isa = PBXFileReference; lastKnownFileType = sourcecode.swift; path = AlphabetsCardModel.swift; sourceTree = "<group>"; };
		AB4C2D0C254F5255001CE842 /* SwipeCardOverlay.swift */ = {isa = PBXFileReference; lastKnownFileType = sourcecode.swift; path = SwipeCardOverlay.swift; sourceTree = "<group>"; };
		AB4C2D11254F52D3001CE842 /* extensions.swift */ = {isa = PBXFileReference; lastKnownFileType = sourcecode.swift; path = extensions.swift; sourceTree = "<group>"; };
		AB4C2D16254F5499001CE842 /* SwipeCardFooterView.swift */ = {isa = PBXFileReference; lastKnownFileType = sourcecode.swift; path = SwipeCardFooterView.swift; sourceTree = "<group>"; };
		AB4C2D1B254F54FD001CE842 /* SwipeCardContentView.swift */ = {isa = PBXFileReference; lastKnownFileType = sourcecode.swift; path = SwipeCardContentView.swift; sourceTree = "<group>"; };
		AB4C2D1E254F55C3001CE842 /* AlphabetCardViewController.swift */ = {isa = PBXFileReference; lastKnownFileType = sourcecode.swift; path = AlphabetCardViewController.swift; sourceTree = "<group>"; };
		AB4C2D28254F5805001CE842 /* ButtonStackView.swift */ = {isa = PBXFileReference; fileEncoding = 4; lastKnownFileType = sourcecode.swift; path = ButtonStackView.swift; sourceTree = "<group>"; };
		AB4C2D2B254F583D001CE842 /* ControlButton.swift */ = {isa = PBXFileReference; fileEncoding = 4; lastKnownFileType = sourcecode.swift; path = ControlButton.swift; sourceTree = "<group>"; };
		AB4C2D32254F7839001CE842 /* GlobalFunction.swift */ = {isa = PBXFileReference; lastKnownFileType = sourcecode.swift; path = GlobalFunction.swift; sourceTree = "<group>"; };
		AB4C2D41254FFCC3001CE842 /* ThaiForBeginerCoreData.xcdatamodel */ = {isa = PBXFileReference; lastKnownFileType = wrapper.xcdatamodel; path = ThaiForBeginerCoreData.xcdatamodel; sourceTree = "<group>"; };
		AB4C2D45255000E1001CE842 /* QuizBrain.swift */ = {isa = PBXFileReference; lastKnownFileType = sourcecode.swift; path = QuizBrain.swift; sourceTree = "<group>"; };
		AB4C2D48255003E2001CE842 /* GeneralConstants.swift */ = {isa = PBXFileReference; lastKnownFileType = sourcecode.swift; path = GeneralConstants.swift; sourceTree = "<group>"; };
		AB4C2D4B25501610001CE842 /* QuizResultViewController.swift */ = {isa = PBXFileReference; lastKnownFileType = sourcecode.swift; path = QuizResultViewController.swift; sourceTree = "<group>"; };
		AB4C2D66255093B5001CE842 /* 214.mp3 */ = {isa = PBXFileReference; lastKnownFileType = audio.mp3; path = 214.mp3; sourceTree = "<group>"; };
		AB4C2D67255093B5001CE842 /* 219.mp3 */ = {isa = PBXFileReference; lastKnownFileType = audio.mp3; path = 219.mp3; sourceTree = "<group>"; };
		AB4C2D68255093B5001CE842 /* 206.mp3 */ = {isa = PBXFileReference; lastKnownFileType = audio.mp3; path = 206.mp3; sourceTree = "<group>"; };
		AB4C2D69255093B5001CE842 /* 203.mp3 */ = {isa = PBXFileReference; lastKnownFileType = audio.mp3; path = 203.mp3; sourceTree = "<group>"; };
		AB4C2D6A255093B5001CE842 /* 211.mp3 */ = {isa = PBXFileReference; lastKnownFileType = audio.mp3; path = 211.mp3; sourceTree = "<group>"; };
		AB4C2D6B255093B5001CE842 /* 208.mp3 */ = {isa = PBXFileReference; lastKnownFileType = audio.mp3; path = 208.mp3; sourceTree = "<group>"; };
		AB4C2D6C255093B5001CE842 /* 220.mp3 */ = {isa = PBXFileReference; lastKnownFileType = audio.mp3; path = 220.mp3; sourceTree = "<group>"; };
		AB4C2D6D255093B5001CE842 /* 201.mp3 */ = {isa = PBXFileReference; lastKnownFileType = audio.mp3; path = 201.mp3; sourceTree = "<group>"; };
		AB4C2D6E255093B5001CE842 /* 215.mp3 */ = {isa = PBXFileReference; lastKnownFileType = audio.mp3; path = 215.mp3; sourceTree = "<group>"; };
		AB4C2D6F255093B5001CE842 /* 207.mp3 */ = {isa = PBXFileReference; lastKnownFileType = audio.mp3; path = 207.mp3; sourceTree = "<group>"; };
		AB4C2D70255093B5001CE842 /* 221.mp3 */ = {isa = PBXFileReference; lastKnownFileType = audio.mp3; path = 221.mp3; sourceTree = "<group>"; };
		AB4C2D71255093B5001CE842 /* 210.mp3 */ = {isa = PBXFileReference; lastKnownFileType = audio.mp3; path = 210.mp3; sourceTree = "<group>"; };
		AB4C2D72255093B5001CE842 /* 212.mp3 */ = {isa = PBXFileReference; lastKnownFileType = audio.mp3; path = 212.mp3; sourceTree = "<group>"; };
		AB4C2D73255093B5001CE842 /* 205.mp3 */ = {isa = PBXFileReference; lastKnownFileType = audio.mp3; path = 205.mp3; sourceTree = "<group>"; };
		AB4C2D74255093B5001CE842 /* 213.mp3 */ = {isa = PBXFileReference; lastKnownFileType = audio.mp3; path = 213.mp3; sourceTree = "<group>"; };
		AB4C2D75255093B5001CE842 /* 209.mp3 */ = {isa = PBXFileReference; lastKnownFileType = audio.mp3; path = 209.mp3; sourceTree = "<group>"; };
		AB4C2D76255093B5001CE842 /* 204.mp3 */ = {isa = PBXFileReference; lastKnownFileType = audio.mp3; path = 204.mp3; sourceTree = "<group>"; };
		AB4C2D77255093B6001CE842 /* 217.mp3 */ = {isa = PBXFileReference; lastKnownFileType = audio.mp3; path = 217.mp3; sourceTree = "<group>"; };
		AB4C2D78255093B6001CE842 /* 218.mp3 */ = {isa = PBXFileReference; lastKnownFileType = audio.mp3; path = 218.mp3; sourceTree = "<group>"; };
		AB4C2D79255093B6001CE842 /* 216.mp3 */ = {isa = PBXFileReference; lastKnownFileType = audio.mp3; path = 216.mp3; sourceTree = "<group>"; };
		AB4C2D7A255093B6001CE842 /* 202.mp3 */ = {isa = PBXFileReference; lastKnownFileType = audio.mp3; path = 202.mp3; sourceTree = "<group>"; };
		AB4C2D91255093F8001CE842 /* 123.mp3 */ = {isa = PBXFileReference; lastKnownFileType = audio.mp3; path = 123.mp3; sourceTree = "<group>"; };
		AB4C2D92255093F8001CE842 /* 130.mp3 */ = {isa = PBXFileReference; lastKnownFileType = audio.mp3; path = 130.mp3; sourceTree = "<group>"; };
		AB4C2D93255093F8001CE842 /* 103.mp3 */ = {isa = PBXFileReference; lastKnownFileType = audio.mp3; path = 103.mp3; sourceTree = "<group>"; };
		AB4C2D94255093F8001CE842 /* 126.mp3 */ = {isa = PBXFileReference; lastKnownFileType = audio.mp3; path = 126.mp3; sourceTree = "<group>"; };
		AB4C2D95255093F8001CE842 /* 104.mp3 */ = {isa = PBXFileReference; lastKnownFileType = audio.mp3; path = 104.mp3; sourceTree = "<group>"; };
		AB4C2D96255093F8001CE842 /* 116.mp3 */ = {isa = PBXFileReference; lastKnownFileType = audio.mp3; path = 116.mp3; sourceTree = "<group>"; };
		AB4C2D97255093F8001CE842 /* 122.mp3 */ = {isa = PBXFileReference; lastKnownFileType = audio.mp3; path = 122.mp3; sourceTree = "<group>"; };
		AB4C2D98255093F8001CE842 /* 121.mp3 */ = {isa = PBXFileReference; lastKnownFileType = audio.mp3; path = 121.mp3; sourceTree = "<group>"; };
		AB4C2D99255093F8001CE842 /* 118.mp3 */ = {isa = PBXFileReference; lastKnownFileType = audio.mp3; path = 118.mp3; sourceTree = "<group>"; };
		AB4C2D9A255093F8001CE842 /* 102.mp3 */ = {isa = PBXFileReference; lastKnownFileType = audio.mp3; path = 102.mp3; sourceTree = "<group>"; };
		AB4C2D9B255093F8001CE842 /* 127.mp3 */ = {isa = PBXFileReference; lastKnownFileType = audio.mp3; path = 127.mp3; sourceTree = "<group>"; };
		AB4C2D9C255093F8001CE842 /* 114.mp3 */ = {isa = PBXFileReference; lastKnownFileType = audio.mp3; path = 114.mp3; sourceTree = "<group>"; };
		AB4C2D9D255093F8001CE842 /* 117.mp3 */ = {isa = PBXFileReference; lastKnownFileType = audio.mp3; path = 117.mp3; sourceTree = "<group>"; };
		AB4C2D9E255093F8001CE842 /* 113.mp3 */ = {isa = PBXFileReference; lastKnownFileType = audio.mp3; path = 113.mp3; sourceTree = "<group>"; };
		AB4C2D9F255093F8001CE842 /* 120.mp3 */ = {isa = PBXFileReference; lastKnownFileType = audio.mp3; path = 120.mp3; sourceTree = "<group>"; };
		AB4C2DA0255093F8001CE842 /* 108.mp3 */ = {isa = PBXFileReference; lastKnownFileType = audio.mp3; path = 108.mp3; sourceTree = "<group>"; };
		AB4C2DA1255093F8001CE842 /* 110.mp3 */ = {isa = PBXFileReference; lastKnownFileType = audio.mp3; path = 110.mp3; sourceTree = "<group>"; };
		AB4C2DA2255093F8001CE842 /* 105.mp3 */ = {isa = PBXFileReference; lastKnownFileType = audio.mp3; path = 105.mp3; sourceTree = "<group>"; };
		AB4C2DA3255093F8001CE842 /* 112.mp3 */ = {isa = PBXFileReference; lastKnownFileType = audio.mp3; path = 112.mp3; sourceTree = "<group>"; };
		AB4C2DA4255093F8001CE842 /* 101.mp3 */ = {isa = PBXFileReference; lastKnownFileType = audio.mp3; path = 101.mp3; sourceTree = "<group>"; };
		AB4C2DA5255093F8001CE842 /* 132.mp3 */ = {isa = PBXFileReference; lastKnownFileType = audio.mp3; path = 132.mp3; sourceTree = "<group>"; };
		AB4C2DA6255093F8001CE842 /* 124.mp3 */ = {isa = PBXFileReference; lastKnownFileType = audio.mp3; path = 124.mp3; sourceTree = "<group>"; };
		AB4C2DA7255093F8001CE842 /* 109.mp3 */ = {isa = PBXFileReference; lastKnownFileType = audio.mp3; path = 109.mp3; sourceTree = "<group>"; };
		AB4C2DA8255093F9001CE842 /* 111.mp3 */ = {isa = PBXFileReference; lastKnownFileType = audio.mp3; path = 111.mp3; sourceTree = "<group>"; };
		AB4C2DA9255093F9001CE842 /* 107.mp3 */ = {isa = PBXFileReference; lastKnownFileType = audio.mp3; path = 107.mp3; sourceTree = "<group>"; };
		AB4C2DAA255093F9001CE842 /* 131.mp3 */ = {isa = PBXFileReference; lastKnownFileType = audio.mp3; path = 131.mp3; sourceTree = "<group>"; };
		AB4C2DAB255093F9001CE842 /* 129.mp3 */ = {isa = PBXFileReference; lastKnownFileType = audio.mp3; path = 129.mp3; sourceTree = "<group>"; };
		AB4C2DAC255093F9001CE842 /* 106.mp3 */ = {isa = PBXFileReference; lastKnownFileType = audio.mp3; path = 106.mp3; sourceTree = "<group>"; };
		AB4C2DAD255093F9001CE842 /* 115.mp3 */ = {isa = PBXFileReference; lastKnownFileType = audio.mp3; path = 115.mp3; sourceTree = "<group>"; };
		AB4C2DAE255093F9001CE842 /* 125.mp3 */ = {isa = PBXFileReference; lastKnownFileType = audio.mp3; path = 125.mp3; sourceTree = "<group>"; };
		AB4C2DAF255093F9001CE842 /* 128.mp3 */ = {isa = PBXFileReference; lastKnownFileType = audio.mp3; path = 128.mp3; sourceTree = "<group>"; };
		AB4C2DB0255093F9001CE842 /* 119.mp3 */ = {isa = PBXFileReference; lastKnownFileType = audio.mp3; path = 119.mp3; sourceTree = "<group>"; };
		AB4C2DD32550977D001CE842 /* VowelsCardViewController.swift */ = {isa = PBXFileReference; lastKnownFileType = sourcecode.swift; path = VowelsCardViewController.swift; sourceTree = "<group>"; };
		AB4C2DD6255175E4001CE842 /* QuizViewController.swift */ = {isa = PBXFileReference; lastKnownFileType = sourcecode.swift; path = QuizViewController.swift; sourceTree = "<group>"; };
		AB4C2DDA25518085001CE842 /* AlertView.xib */ = {isa = PBXFileReference; lastKnownFileType = file.xib; path = AlertView.xib; sourceTree = "<group>"; };
		AB4C2DE92551CBD6001CE842 /* sound-incorrect.mp3 */ = {isa = PBXFileReference; lastKnownFileType = audio.mp3; path = "sound-incorrect.mp3"; sourceTree = "<group>"; };
		AB4C2DEA2551CBD7001CE842 /* sound-correct.mp3 */ = {isa = PBXFileReference; lastKnownFileType = audio.mp3; path = "sound-correct.mp3"; sourceTree = "<group>"; };
		AB4C2DEE2551CDCE001CE842 /* sound-incorrect1.mp3 */ = {isa = PBXFileReference; lastKnownFileType = audio.mp3; path = "sound-incorrect1.mp3"; sourceTree = "<group>"; };
		AB4C2DFC2551DA95001CE842 /* VowelsCard.swift */ = {isa = PBXFileReference; lastKnownFileType = sourcecode.swift; path = VowelsCard.swift; sourceTree = "<group>"; };
		AB4C2E012551DAB2001CE842 /* VowelCardModel.swift */ = {isa = PBXFileReference; lastKnownFileType = sourcecode.swift; path = VowelCardModel.swift; sourceTree = "<group>"; };
		AB4C2E11255228F1001CE842 /* VowelQuizViewController.swift */ = {isa = PBXFileReference; lastKnownFileType = sourcecode.swift; path = VowelQuizViewController.swift; sourceTree = "<group>"; };
		AB4C2E1425522B85001CE842 /* HomeViewController.swift */ = {isa = PBXFileReference; lastKnownFileType = sourcecode.swift; path = HomeViewController.swift; sourceTree = "<group>"; };
		AB4C2E1725522B9E001CE842 /* AlphabetMenuViewController.swift */ = {isa = PBXFileReference; lastKnownFileType = sourcecode.swift; path = AlphabetMenuViewController.swift; sourceTree = "<group>"; };
		AB4C2E1A25522BBF001CE842 /* VowelMenuViewController.swift */ = {isa = PBXFileReference; lastKnownFileType = sourcecode.swift; path = VowelMenuViewController.swift; sourceTree = "<group>"; };
		AB4C2E1D2552B280001CE842 /* SettingViewController.swift */ = {isa = PBXFileReference; lastKnownFileType = sourcecode.swift; path = SettingViewController.swift; sourceTree = "<group>"; };
		B8A53892B7CBAB50C55AE002 /* Pods-Thai-For-Beginer.debug.xcconfig */ = {isa = PBXFileReference; includeInIndex = 1; lastKnownFileType = text.xcconfig; name = "Pods-Thai-For-Beginer.debug.xcconfig"; path = "Target Support Files/Pods-Thai-For-Beginer/Pods-Thai-For-Beginer.debug.xcconfig"; sourceTree = "<group>"; };
/* End PBXFileReference section */

/* Begin PBXFrameworksBuildPhase section */
		AB4C2C5F254DEE75001CE842 /* Frameworks */ = {
			isa = PBXFrameworksBuildPhase;
			buildActionMask = 2147483647;
			files = (
				E37A6839345253D52A8F4354 /* Pods_Thai_For_Beginer.framework in Frameworks */,
			);
			runOnlyForDeploymentPostprocessing = 0;
		};
/* End PBXFrameworksBuildPhase section */

/* Begin PBXGroup section */
		6712016734DCBACF9BCA9FF8 /* Pods */ = {
			isa = PBXGroup;
			children = (
				B8A53892B7CBAB50C55AE002 /* Pods-Thai-For-Beginer.debug.xcconfig */,
				80DEA38A933329E4A20B499D /* Pods-Thai-For-Beginer.release.xcconfig */,
			);
			path = Pods;
			sourceTree = "<group>";
		};
		A7E09A836B9B4143681DD77A /* Frameworks */ = {
			isa = PBXGroup;
			children = (
				671FBB145AB24DF0555EE187 /* Pods_Thai_For_Beginer.framework */,
			);
			name = Frameworks;
			sourceTree = "<group>";
		};
		AB4C2C59254DEE75001CE842 = {
			isa = PBXGroup;
			children = (
				AB4C2C64254DEE75001CE842 /* Thai-For-Beginer */,
				AB4C2C63254DEE75001CE842 /* Products */,
				6712016734DCBACF9BCA9FF8 /* Pods */,
				A7E09A836B9B4143681DD77A /* Frameworks */,
			);
			sourceTree = "<group>";
		};
		AB4C2C63254DEE75001CE842 /* Products */ = {
			isa = PBXGroup;
			children = (
				AB4C2C62254DEE75001CE842 /* Thai-For-Beginer.app */,
			);
			name = Products;
			sourceTree = "<group>";
		};
		AB4C2C64254DEE75001CE842 /* Thai-For-Beginer */ = {
			isa = PBXGroup;
			children = (
				AB4C2DF82551D715001CE842 /* _Temp */,
				AB4C2D04254F4DE0001CE842 /* Models */,
				AB4C2D3F254FF98D001CE842 /* Views */,
				AB4C2D3E254FF96B001CE842 /* Controllers */,
				AB4C2D10254F52BE001CE842 /* helpers */,
				AB4C2C7A254DF12A001CE842 /* Constants */,
				AB4C2C67254DEE75001CE842 /* SceneDelegate.swift */,
				AB4C2C65254DEE75001CE842 /* AppDelegate.swift */,
				AB4C2C6E254DEE78001CE842 /* Assets.xcassets */,
				AB4C2C73254DEE78001CE842 /* Info.plist */,
				AB4C2C81254F21AA001CE842 /* Sounds */,
				AB4C2D40254FFCC3001CE842 /* ThaiForBeginerCoreData.xcdatamodeld */,
			);
			path = "Thai-For-Beginer";
			sourceTree = "<group>";
		};
		AB4C2C7A254DF12A001CE842 /* Constants */ = {
			isa = PBXGroup;
			children = (
				AB4C2D48255003E2001CE842 /* GeneralConstants.swift */,
			);
			path = Constants;
			sourceTree = "<group>";
		};
		AB4C2C81254F21AA001CE842 /* Sounds */ = {
			isa = PBXGroup;
			children = (
				AB4C2DEE2551CDCE001CE842 /* sound-incorrect1.mp3 */,
				AB4C2DEA2551CBD7001CE842 /* sound-correct.mp3 */,
				AB4C2DE92551CBD6001CE842 /* sound-incorrect.mp3 */,
				AB4C2D6525509393001CE842 /* AlphabetSounds */,
				AB4C2D6425509369001CE842 /* Vowels */,
				AB4C2D6325509341001CE842 /* Alphabet */,
			);
			path = Sounds;
			sourceTree = "<group>";
		};
		AB4C2D04254F4DE0001CE842 /* Models */ = {
			isa = PBXGroup;
			children = (
				AB4C2C7B254DF145001CE842 /* dataLibrary.swift */,
				AB4C2DFB2551DA33001CE842 /* SwipeCard */,
				AB4C2D3D254FF961001CE842 /* Quiz */,
			);
			path = Models;
			sourceTree = "<group>";
		};
		AB4C2D10254F52BE001CE842 /* helpers */ = {
			isa = PBXGroup;
			children = (
				AB4C2D11254F52D3001CE842 /* extensions.swift */,
				AB4C2D32254F7839001CE842 /* GlobalFunction.swift */,
			);
			path = helpers;
			sourceTree = "<group>";
		};
		AB4C2D3C254FF93E001CE842 /* AlphabetsCard */ = {
			isa = PBXGroup;
			children = (
				AB4C2D05254F4E02001CE842 /* AlphabetsCard.swift */,
				AB4C2D09254F51CE001CE842 /* AlphabetsCardModel.swift */,
			);
			path = AlphabetsCard;
			sourceTree = "<group>";
		};
		AB4C2D3D254FF961001CE842 /* Quiz */ = {
			isa = PBXGroup;
			children = (
				AB4C2D45255000E1001CE842 /* QuizBrain.swift */,
			);
			path = Quiz;
			sourceTree = "<group>";
		};
		AB4C2D3E254FF96B001CE842 /* Controllers */ = {
			isa = PBXGroup;
			children = (
				AB4C2D1E254F55C3001CE842 /* AlphabetCardViewController.swift */,
				AB4C2DD32550977D001CE842 /* VowelsCardViewController.swift */,
				AB4C2DD6255175E4001CE842 /* QuizViewController.swift */,
				AB4C2E1425522B85001CE842 /* HomeViewController.swift */,
				AB4C2E1725522B9E001CE842 /* AlphabetMenuViewController.swift */,
				AB4C2E1A25522BBF001CE842 /* VowelMenuViewController.swift */,
				AB4C2E1D2552B280001CE842 /* SettingViewController.swift */,
				AB4057E42553FBC600C03C1E /* ShowAllCardViewController.swift */,
				AB4057EB2553FCD700C03C1E /* ShowAllCardCollectionViewCell.swift */,
				AB4057F52554707100C03C1E /* TestViewController.swift */,
			);
			path = Controllers;
			sourceTree = "<group>";
		};
		AB4C2D3F254FF98D001CE842 /* Views */ = {
			isa = PBXGroup;
			children = (
				AB4C2C6B254DEE75001CE842 /* Main.storyboard */,
				AB4C2C70254DEE78001CE842 /* LaunchScreen.storyboard */,
			);
			path = Views;
			sourceTree = "<group>";
		};
		AB4C2D6325509341001CE842 /* Alphabet */ = {
			isa = PBXGroup;
			children = (
				AB4C2C82254F21CA001CE842 /* 001.mp3 */,
				AB4C2CA9254F21CB001CE842 /* 008.mp3 */,
				AB4C2CAD254F21CB001CE842 /* 014.mp3 */,
				AB4C2CAB254F21CB001CE842 /* 015.mp3 */,
				AB4C2C92254F21CA001CE842 /* 020.mp3 */,
				AB4C2CAC254F21CB001CE842 /* 021.mp3 */,
				AB4C2C9D254F21CB001CE842 /* 026.mp3 */,
				AB4C2CA4254F21CB001CE842 /* 027.mp3 */,
				AB4C2C89254F21CA001CE842 /* 043.mp3 */,
				AB4C2C99254F21CB001CE842 /* 002.mp3 */,
				AB4C2C85254F21CA001CE842 /* 003.mp3 */,
				AB4C2C98254F21CB001CE842 /* 009.mp3 */,
				AB4C2C9A254F21CB001CE842 /* 016.mp3 */,
				AB4C2C96254F21CB001CE842 /* 022.mp3 */,
				AB4C2C8E254F21CA001CE842 /* 028.mp3 */,
				AB4C2CA2254F21CB001CE842 /* 029.mp3 */,
				AB4C2C8A254F21CA001CE842 /* 038.mp3 */,
				AB4C2C8F254F21CA001CE842 /* 039.mp3 */,
				AB4C2C83254F21CA001CE842 /* 040.mp3 */,
				AB4C2C97254F21CB001CE842 /* 041.mp3 */,
				AB4C2C93254F21CA001CE842 /* 004.mp3 */,
				AB4C2C84254F21CA001CE842 /* 005.mp3 */,
				AB4C2C9F254F21CB001CE842 /* 006.mp3 */,
				AB4C2C9B254F21CB001CE842 /* 007.mp3 */,
				AB4C2C86254F21CA001CE842 /* 010.mp3 */,
				AB4C2CA0254F21CB001CE842 /* 011.mp3 */,
				AB4C2CA3254F21CB001CE842 /* 012.mp3 */,
				AB4C2C87254F21CA001CE842 /* 013.mp3 */,
				AB4C2C95254F21CB001CE842 /* 017.mp3 */,
				AB4C2C9C254F21CB001CE842 /* 018.mp3 */,
				AB4C2C94254F21CB001CE842 /* 019.mp3 */,
				AB4C2C91254F21CA001CE842 /* 023.mp3 */,
				AB4C2CA1254F21CB001CE842 /* 024.mp3 */,
				AB4C2CAA254F21CB001CE842 /* 025.mp3 */,
				AB4C2C88254F21CA001CE842 /* 030.mp3 */,
				AB4C2C8B254F21CA001CE842 /* 031.mp3 */,
				AB4C2CA5254F21CB001CE842 /* 032.mp3 */,
				AB4C2CA6254F21CB001CE842 /* 033.mp3 */,
				AB4C2CA7254F21CB001CE842 /* 034.mp3 */,
				AB4C2C8C254F21CA001CE842 /* 035.mp3 */,
				AB4C2C9E254F21CB001CE842 /* 036.mp3 */,
				AB4C2CA8254F21CB001CE842 /* 037.mp3 */,
				AB4C2C90254F21CA001CE842 /* 042.mp3 */,
				AB4C2C8D254F21CA001CE842 /* 044.mp3 */,
			);
			path = Alphabet;
			sourceTree = "<group>";
		};
		AB4C2D6425509369001CE842 /* Vowels */ = {
			isa = PBXGroup;
			children = (
				AB4C2DA4255093F8001CE842 /* 101.mp3 */,
				AB4C2D9A255093F8001CE842 /* 102.mp3 */,
				AB4C2D93255093F8001CE842 /* 103.mp3 */,
				AB4C2D95255093F8001CE842 /* 104.mp3 */,
				AB4C2DA2255093F8001CE842 /* 105.mp3 */,
				AB4C2DAC255093F9001CE842 /* 106.mp3 */,
				AB4C2DA9255093F9001CE842 /* 107.mp3 */,
				AB4C2DA0255093F8001CE842 /* 108.mp3 */,
				AB4C2DA7255093F8001CE842 /* 109.mp3 */,
				AB4C2DA1255093F8001CE842 /* 110.mp3 */,
				AB4C2DA8255093F9001CE842 /* 111.mp3 */,
				AB4C2DA3255093F8001CE842 /* 112.mp3 */,
				AB4C2D9E255093F8001CE842 /* 113.mp3 */,
				AB4C2D9C255093F8001CE842 /* 114.mp3 */,
				AB4C2DAD255093F9001CE842 /* 115.mp3 */,
				AB4C2D96255093F8001CE842 /* 116.mp3 */,
				AB4C2D9D255093F8001CE842 /* 117.mp3 */,
				AB4C2D99255093F8001CE842 /* 118.mp3 */,
				AB4C2DB0255093F9001CE842 /* 119.mp3 */,
				AB4C2D9F255093F8001CE842 /* 120.mp3 */,
				AB4C2D98255093F8001CE842 /* 121.mp3 */,
				AB4C2D97255093F8001CE842 /* 122.mp3 */,
				AB4C2D91255093F8001CE842 /* 123.mp3 */,
				AB4C2DA6255093F8001CE842 /* 124.mp3 */,
				AB4C2DAE255093F9001CE842 /* 125.mp3 */,
				AB4C2D94255093F8001CE842 /* 126.mp3 */,
				AB4C2D9B255093F8001CE842 /* 127.mp3 */,
				AB4C2DAF255093F9001CE842 /* 128.mp3 */,
				AB4C2DAB255093F9001CE842 /* 129.mp3 */,
				AB4C2D92255093F8001CE842 /* 130.mp3 */,
				AB4C2DAA255093F9001CE842 /* 131.mp3 */,
				AB4C2DA5255093F8001CE842 /* 132.mp3 */,
			);
			path = Vowels;
			sourceTree = "<group>";
		};
		AB4C2D6525509393001CE842 /* AlphabetSounds */ = {
			isa = PBXGroup;
			children = (
				AB4C2D6D255093B5001CE842 /* 201.mp3 */,
				AB4C2D7A255093B6001CE842 /* 202.mp3 */,
				AB4C2D69255093B5001CE842 /* 203.mp3 */,
				AB4C2D76255093B5001CE842 /* 204.mp3 */,
				AB4C2D73255093B5001CE842 /* 205.mp3 */,
				AB4C2D68255093B5001CE842 /* 206.mp3 */,
				AB4C2D6F255093B5001CE842 /* 207.mp3 */,
				AB4C2D6B255093B5001CE842 /* 208.mp3 */,
				AB4C2D75255093B5001CE842 /* 209.mp3 */,
				AB4C2D71255093B5001CE842 /* 210.mp3 */,
				AB4C2D6A255093B5001CE842 /* 211.mp3 */,
				AB4C2D72255093B5001CE842 /* 212.mp3 */,
				AB4C2D74255093B5001CE842 /* 213.mp3 */,
				AB4C2D66255093B5001CE842 /* 214.mp3 */,
				AB4C2D6E255093B5001CE842 /* 215.mp3 */,
				AB4C2D79255093B6001CE842 /* 216.mp3 */,
				AB4C2D77255093B6001CE842 /* 217.mp3 */,
				AB4C2D78255093B6001CE842 /* 218.mp3 */,
				AB4C2D67255093B5001CE842 /* 219.mp3 */,
				AB4C2D6C255093B5001CE842 /* 220.mp3 */,
				AB4C2D70255093B5001CE842 /* 221.mp3 */,
			);
			path = AlphabetSounds;
			sourceTree = "<group>";
		};
		AB4C2DF82551D715001CE842 /* _Temp */ = {
			isa = PBXGroup;
			children = (
				AB4C2C69254DEE75001CE842 /* Quiz1ViewController.swift */,
				AB4C2E11255228F1001CE842 /* VowelQuizViewController.swift */,
				AB4C2DDA25518085001CE842 /* AlertView.xib */,
				AB4C2D4B25501610001CE842 /* QuizResultViewController.swift */,
			);
			path = _Temp;
			sourceTree = "<group>";
		};
		AB4C2DFA2551DA03001CE842 /* VowelsCard */ = {
			isa = PBXGroup;
			children = (
				AB4C2DFC2551DA95001CE842 /* VowelsCard.swift */,
				AB4C2E012551DAB2001CE842 /* VowelCardModel.swift */,
			);
			path = VowelsCard;
			sourceTree = "<group>";
		};
		AB4C2DFB2551DA33001CE842 /* SwipeCard */ = {
			isa = PBXGroup;
			children = (
				AB4C2DFA2551DA03001CE842 /* VowelsCard */,
				AB4C2D3C254FF93E001CE842 /* AlphabetsCard */,
				AB4C2D2B254F583D001CE842 /* ControlButton.swift */,
				AB4C2D0C254F5255001CE842 /* SwipeCardOverlay.swift */,
				AB4C2D1B254F54FD001CE842 /* SwipeCardContentView.swift */,
				AB4C2D16254F5499001CE842 /* SwipeCardFooterView.swift */,
				AB4C2D28254F5805001CE842 /* ButtonStackView.swift */,
			);
			path = SwipeCard;
			sourceTree = "<group>";
		};
/* End PBXGroup section */

/* Begin PBXNativeTarget section */
		AB4C2C61254DEE75001CE842 /* Thai-For-Beginer */ = {
			isa = PBXNativeTarget;
			buildConfigurationList = AB4C2C76254DEE78001CE842 /* Build configuration list for PBXNativeTarget "Thai-For-Beginer" */;
			buildPhases = (
				0D50E2C8CCB15C44E293D8F9 /* [CP] Check Pods Manifest.lock */,
				AB4C2C5E254DEE75001CE842 /* Sources */,
				AB4C2C5F254DEE75001CE842 /* Frameworks */,
				AB4C2C60254DEE75001CE842 /* Resources */,
				299F5DFCA9FFE2F79617BC39 /* [CP] Embed Pods Frameworks */,
			);
			buildRules = (
			);
			dependencies = (
			);
			name = "Thai-For-Beginer";
			productName = "Thai-For-Beginer";
			productReference = AB4C2C62254DEE75001CE842 /* Thai-For-Beginer.app */;
			productType = "com.apple.product-type.application";
		};
/* End PBXNativeTarget section */

/* Begin PBXProject section */
		AB4C2C5A254DEE75001CE842 /* Project object */ = {
			isa = PBXProject;
			attributes = {
				LastSwiftUpdateCheck = 1210;
				LastUpgradeCheck = 1210;
				TargetAttributes = {
					AB4C2C61254DEE75001CE842 = {
						CreatedOnToolsVersion = 12.1;
					};
				};
			};
			buildConfigurationList = AB4C2C5D254DEE75001CE842 /* Build configuration list for PBXProject "Thai-For-Beginer" */;
			compatibilityVersion = "Xcode 9.3";
			developmentRegion = en;
			hasScannedForEncodings = 0;
			knownRegions = (
				en,
				Base,
			);
			mainGroup = AB4C2C59254DEE75001CE842;
			productRefGroup = AB4C2C63254DEE75001CE842 /* Products */;
			projectDirPath = "";
			projectRoot = "";
			targets = (
				AB4C2C61254DEE75001CE842 /* Thai-For-Beginer */,
			);
		};
/* End PBXProject section */

/* Begin PBXResourcesBuildPhase section */
		AB4C2C60254DEE75001CE842 /* Resources */ = {
			isa = PBXResourcesBuildPhase;
			buildActionMask = 2147483647;
			files = (
				AB4C2DBB255093F9001CE842 /* 127.mp3 in Resources */,
				AB4C2CB3254F21CB001CE842 /* 013.mp3 in Resources */,
				AB4C2DBF255093F9001CE842 /* 120.mp3 in Resources */,
				AB4C2CB0254F21CB001CE842 /* 005.mp3 in Resources */,
				AB4C2CCD254F21CB001CE842 /* 024.mp3 in Resources */,
				AB4C2CC1254F21CB001CE842 /* 017.mp3 in Resources */,
				AB4C2CBA254F21CB001CE842 /* 028.mp3 in Resources */,
				AB4C2DB2255093F9001CE842 /* 130.mp3 in Resources */,
				AB4C2D8F255093B6001CE842 /* 202.mp3 in Resources */,
				AB4C2CB4254F21CB001CE842 /* 030.mp3 in Resources */,
				AB4C2DEF2551CDCF001CE842 /* sound-incorrect1.mp3 in Resources */,
				AB4C2DBD255093F9001CE842 /* 117.mp3 in Resources */,
				AB4C2DDB25518085001CE842 /* AlertView.xib in Resources */,
				AB4C2CB6254F21CB001CE842 /* 038.mp3 in Resources */,
				AB4C2CD2254F21CB001CE842 /* 033.mp3 in Resources */,
				AB4C2CB5254F21CB001CE842 /* 043.mp3 in Resources */,
				AB4C2D8E255093B6001CE842 /* 216.mp3 in Resources */,
				AB4C2CC3254F21CB001CE842 /* 041.mp3 in Resources */,
				AB4C2CCF254F21CB001CE842 /* 012.mp3 in Resources */,
				AB4C2CB8254F21CB001CE842 /* 035.mp3 in Resources */,
				AB4C2DCF255093F9001CE842 /* 128.mp3 in Resources */,
				AB4C2DB7255093F9001CE842 /* 122.mp3 in Resources */,
				AB4C2D7E255093B6001CE842 /* 203.mp3 in Resources */,
				AB4C2D83255093B6001CE842 /* 215.mp3 in Resources */,
				AB4C2D7B255093B6001CE842 /* 214.mp3 in Resources */,
				AB4C2CD5254F21CB001CE842 /* 008.mp3 in Resources */,
				AB4C2CB7254F21CB001CE842 /* 031.mp3 in Resources */,
				AB4C2DC9255093F9001CE842 /* 107.mp3 in Resources */,
				AB4C2DB9255093F9001CE842 /* 118.mp3 in Resources */,
				AB4C2DEC2551CBD7001CE842 /* sound-correct.mp3 in Resources */,
				AB4C2CAE254F21CB001CE842 /* 001.mp3 in Resources */,
				AB4C2D87255093B6001CE842 /* 212.mp3 in Resources */,
				AB4C2DEB2551CBD7001CE842 /* sound-incorrect.mp3 in Resources */,
				AB4C2DCB255093F9001CE842 /* 129.mp3 in Resources */,
				AB4C2D84255093B6001CE842 /* 207.mp3 in Resources */,
				AB4C2D7C255093B6001CE842 /* 219.mp3 in Resources */,
				AB4C2DC5255093F9001CE842 /* 132.mp3 in Resources */,
				AB4C2D8A255093B6001CE842 /* 209.mp3 in Resources */,
				AB4C2DB3255093F9001CE842 /* 103.mp3 in Resources */,
				AB4C2DB1255093F9001CE842 /* 123.mp3 in Resources */,
				AB4C2CC7254F21CB001CE842 /* 007.mp3 in Resources */,
				AB4C2CC8254F21CB001CE842 /* 018.mp3 in Resources */,
				AB4C2CC0254F21CB001CE842 /* 019.mp3 in Resources */,
				AB4C2DB4255093F9001CE842 /* 126.mp3 in Resources */,
				AB4C2DD0255093F9001CE842 /* 119.mp3 in Resources */,
				AB4C2CBC254F21CB001CE842 /* 042.mp3 in Resources */,
				AB4C2D85255093B6001CE842 /* 221.mp3 in Resources */,
				AB4C2D8B255093B6001CE842 /* 204.mp3 in Resources */,
				AB4C2D8C255093B6001CE842 /* 217.mp3 in Resources */,
				AB4C2D7D255093B6001CE842 /* 206.mp3 in Resources */,
				AB4C2D88255093B6001CE842 /* 205.mp3 in Resources */,
				AB4C2CD3254F21CB001CE842 /* 034.mp3 in Resources */,
				AB4C2DC2255093F9001CE842 /* 105.mp3 in Resources */,
				AB4C2DCE255093F9001CE842 /* 125.mp3 in Resources */,
				AB4C2D86255093B6001CE842 /* 210.mp3 in Resources */,
				AB4C2CD6254F21CB001CE842 /* 025.mp3 in Resources */,
				AB4C2CD9254F21CB001CE842 /* 014.mp3 in Resources */,
				AB4C2DC8255093F9001CE842 /* 111.mp3 in Resources */,
				AB4C2CCB254F21CB001CE842 /* 006.mp3 in Resources */,
				AB4C2CC2254F21CB001CE842 /* 022.mp3 in Resources */,
				AB4C2CB2254F21CB001CE842 /* 010.mp3 in Resources */,
				AB4C2C72254DEE78001CE842 /* LaunchScreen.storyboard in Resources */,
				AB4C2CCA254F21CB001CE842 /* 036.mp3 in Resources */,
				AB4C2DC7255093F9001CE842 /* 109.mp3 in Resources */,
				AB4C2DBA255093F9001CE842 /* 102.mp3 in Resources */,
				AB4C2D89255093B6001CE842 /* 213.mp3 in Resources */,
				AB4C2D82255093B6001CE842 /* 201.mp3 in Resources */,
				AB4C2DCC255093F9001CE842 /* 106.mp3 in Resources */,
				AB4C2DC0255093F9001CE842 /* 108.mp3 in Resources */,
				AB4C2DB8255093F9001CE842 /* 121.mp3 in Resources */,
				AB4C2D8D255093B6001CE842 /* 218.mp3 in Resources */,
				AB4C2CAF254F21CB001CE842 /* 040.mp3 in Resources */,
				AB4C2CD7254F21CB001CE842 /* 015.mp3 in Resources */,
				AB4C2DB5255093F9001CE842 /* 104.mp3 in Resources */,
				AB4C2D7F255093B6001CE842 /* 211.mp3 in Resources */,
				AB4C2C6F254DEE78001CE842 /* Assets.xcassets in Resources */,
				AB4C2DBE255093F9001CE842 /* 113.mp3 in Resources */,
				AB4C2CC5254F21CB001CE842 /* 002.mp3 in Resources */,
				AB4C2CD8254F21CB001CE842 /* 021.mp3 in Resources */,
				AB4C2D80255093B6001CE842 /* 208.mp3 in Resources */,
				AB4C2CD4254F21CB001CE842 /* 037.mp3 in Resources */,
				AB4C2CB9254F21CB001CE842 /* 044.mp3 in Resources */,
				AB4C2CC4254F21CB001CE842 /* 009.mp3 in Resources */,
				AB4C2CC9254F21CB001CE842 /* 026.mp3 in Resources */,
				AB4C2DCD255093F9001CE842 /* 115.mp3 in Resources */,
				AB4C2CCE254F21CB001CE842 /* 029.mp3 in Resources */,
				AB4C2DC3255093F9001CE842 /* 112.mp3 in Resources */,
				AB4C2CBD254F21CB001CE842 /* 023.mp3 in Resources */,
				AB4C2CBB254F21CB001CE842 /* 039.mp3 in Resources */,
				AB4C2CC6254F21CB001CE842 /* 016.mp3 in Resources */,
				AB4C2CCC254F21CB001CE842 /* 011.mp3 in Resources */,
				AB4C2DC6255093F9001CE842 /* 124.mp3 in Resources */,
				AB4C2CBE254F21CB001CE842 /* 020.mp3 in Resources */,
				AB4C2CD0254F21CB001CE842 /* 027.mp3 in Resources */,
				AB4C2DCA255093F9001CE842 /* 131.mp3 in Resources */,
				AB4C2CBF254F21CB001CE842 /* 004.mp3 in Resources */,
				AB4C2DB6255093F9001CE842 /* 116.mp3 in Resources */,
				AB4C2DC1255093F9001CE842 /* 110.mp3 in Resources */,
				AB4C2DBC255093F9001CE842 /* 114.mp3 in Resources */,
				AB4C2CD1254F21CB001CE842 /* 032.mp3 in Resources */,
				AB4C2D81255093B6001CE842 /* 220.mp3 in Resources */,
				AB4C2CB1254F21CB001CE842 /* 003.mp3 in Resources */,
				AB4C2C6D254DEE75001CE842 /* Main.storyboard in Resources */,
				AB4C2DC4255093F9001CE842 /* 101.mp3 in Resources */,
			);
			runOnlyForDeploymentPostprocessing = 0;
		};
/* End PBXResourcesBuildPhase section */

/* Begin PBXShellScriptBuildPhase section */
		0D50E2C8CCB15C44E293D8F9 /* [CP] Check Pods Manifest.lock */ = {
			isa = PBXShellScriptBuildPhase;
			buildActionMask = 2147483647;
			files = (
			);
			inputFileListPaths = (
			);
			inputPaths = (
				"${PODS_PODFILE_DIR_PATH}/Podfile.lock",
				"${PODS_ROOT}/Manifest.lock",
			);
			name = "[CP] Check Pods Manifest.lock";
			outputFileListPaths = (
			);
			outputPaths = (
				"$(DERIVED_FILE_DIR)/Pods-Thai-For-Beginer-checkManifestLockResult.txt",
			);
			runOnlyForDeploymentPostprocessing = 0;
			shellPath = /bin/sh;
			shellScript = "diff \"${PODS_PODFILE_DIR_PATH}/Podfile.lock\" \"${PODS_ROOT}/Manifest.lock\" > /dev/null\nif [ $? != 0 ] ; then\n    # print error to STDERR\n    echo \"error: The sandbox is not in sync with the Podfile.lock. Run 'pod install' or update your CocoaPods installation.\" >&2\n    exit 1\nfi\n# This output is used by Xcode 'outputs' to avoid re-running this script phase.\necho \"SUCCESS\" > \"${SCRIPT_OUTPUT_FILE_0}\"\n";
			showEnvVarsInLog = 0;
		};
		299F5DFCA9FFE2F79617BC39 /* [CP] Embed Pods Frameworks */ = {
			isa = PBXShellScriptBuildPhase;
			buildActionMask = 2147483647;
			files = (
			);
			inputFileListPaths = (
				"${PODS_ROOT}/Target Support Files/Pods-Thai-For-Beginer/Pods-Thai-For-Beginer-frameworks-${CONFIGURATION}-input-files.xcfilelist",
			);
			name = "[CP] Embed Pods Frameworks";
			outputFileListPaths = (
				"${PODS_ROOT}/Target Support Files/Pods-Thai-For-Beginer/Pods-Thai-For-Beginer-frameworks-${CONFIGURATION}-output-files.xcfilelist",
			);
			runOnlyForDeploymentPostprocessing = 0;
			shellPath = /bin/sh;
			shellScript = "\"${PODS_ROOT}/Target Support Files/Pods-Thai-For-Beginer/Pods-Thai-For-Beginer-frameworks.sh\"\n";
			showEnvVarsInLog = 0;
		};
/* End PBXShellScriptBuildPhase section */

/* Begin PBXSourcesBuildPhase section */
		AB4C2C5E254DEE75001CE842 /* Sources */ = {
			isa = PBXSourcesBuildPhase;
			buildActionMask = 2147483647;
			files = (
				AB4C2D1C254F54FD001CE842 /* SwipeCardContentView.swift in Sources */,
				AB4C2D2C254F583D001CE842 /* ControlButton.swift in Sources */,
				AB4C2D33254F783A001CE842 /* GlobalFunction.swift in Sources */,
				AB4C2E022551DAB2001CE842 /* VowelCardModel.swift in Sources */,
				AB4C2D12254F52D3001CE842 /* extensions.swift in Sources */,
				AB4C2D0A254F51CE001CE842 /* AlphabetsCardModel.swift in Sources */,
				AB4057EC2553FCD700C03C1E /* ShowAllCardCollectionViewCell.swift in Sources */,
				AB4C2C6A254DEE75001CE842 /* Quiz1ViewController.swift in Sources */,
				AB4C2DD42550977D001CE842 /* VowelsCardViewController.swift in Sources */,
				AB4057E52553FBC700C03C1E /* ShowAllCardViewController.swift in Sources */,
				AB4057F62554707200C03C1E /* TestViewController.swift in Sources */,
				AB4C2DFD2551DA95001CE842 /* VowelsCard.swift in Sources */,
				AB4C2D0D254F5255001CE842 /* SwipeCardOverlay.swift in Sources */,
				AB4C2C66254DEE75001CE842 /* AppDelegate.swift in Sources */,
				AB4C2E1525522B85001CE842 /* HomeViewController.swift in Sources */,
				AB4C2E1825522B9E001CE842 /* AlphabetMenuViewController.swift in Sources */,
				AB4C2D4C25501610001CE842 /* QuizResultViewController.swift in Sources */,
				AB4C2D49255003E2001CE842 /* GeneralConstants.swift in Sources */,
				AB4C2E1B25522BBF001CE842 /* VowelMenuViewController.swift in Sources */,
				AB4C2D42254FFCC3001CE842 /* ThaiForBeginerCoreData.xcdatamodeld in Sources */,
				AB4C2DD7255175E5001CE842 /* QuizViewController.swift in Sources */,
				AB4C2D06254F4E02001CE842 /* AlphabetsCard.swift in Sources */,
				AB4C2D17254F5499001CE842 /* SwipeCardFooterView.swift in Sources */,
				AB4C2C7C254DF145001CE842 /* dataLibrary.swift in Sources */,
				AB4C2C68254DEE75001CE842 /* SceneDelegate.swift in Sources */,
				AB4C2D29254F5805001CE842 /* ButtonStackView.swift in Sources */,
				AB4C2E1E2552B281001CE842 /* SettingViewController.swift in Sources */,
				AB4C2E12255228F2001CE842 /* VowelQuizViewController.swift in Sources */,
				AB4C2D1F254F55C3001CE842 /* AlphabetCardViewController.swift in Sources */,
				AB4C2D46255000E1001CE842 /* QuizBrain.swift in Sources */,
			);
			runOnlyForDeploymentPostprocessing = 0;
		};
/* End PBXSourcesBuildPhase section */

/* Begin PBXVariantGroup section */
		AB4C2C6B254DEE75001CE842 /* Main.storyboard */ = {
			isa = PBXVariantGroup;
			children = (
				AB4C2C6C254DEE75001CE842 /* Base */,
			);
			name = Main.storyboard;
			sourceTree = "<group>";
		};
		AB4C2C70254DEE78001CE842 /* LaunchScreen.storyboard */ = {
			isa = PBXVariantGroup;
			children = (
				AB4C2C71254DEE78001CE842 /* Base */,
			);
			name = LaunchScreen.storyboard;
			sourceTree = "<group>";
		};
/* End PBXVariantGroup section */

/* Begin XCBuildConfiguration section */
		AB4C2C74254DEE78001CE842 /* Debug */ = {
			isa = XCBuildConfiguration;
			buildSettings = {
				ALWAYS_SEARCH_USER_PATHS = NO;
				CLANG_ANALYZER_NONNULL = YES;
				CLANG_ANALYZER_NUMBER_OBJECT_CONVERSION = YES_AGGRESSIVE;
				CLANG_CXX_LANGUAGE_STANDARD = "gnu++14";
				CLANG_CXX_LIBRARY = "libc++";
				CLANG_ENABLE_MODULES = YES;
				CLANG_ENABLE_OBJC_ARC = YES;
				CLANG_ENABLE_OBJC_WEAK = YES;
				CLANG_WARN_BLOCK_CAPTURE_AUTORELEASING = YES;
				CLANG_WARN_BOOL_CONVERSION = YES;
				CLANG_WARN_COMMA = YES;
				CLANG_WARN_CONSTANT_CONVERSION = YES;
				CLANG_WARN_DEPRECATED_OBJC_IMPLEMENTATIONS = YES;
				CLANG_WARN_DIRECT_OBJC_ISA_USAGE = YES_ERROR;
				CLANG_WARN_DOCUMENTATION_COMMENTS = YES;
				CLANG_WARN_EMPTY_BODY = YES;
				CLANG_WARN_ENUM_CONVERSION = YES;
				CLANG_WARN_INFINITE_RECURSION = YES;
				CLANG_WARN_INT_CONVERSION = YES;
				CLANG_WARN_NON_LITERAL_NULL_CONVERSION = YES;
				CLANG_WARN_OBJC_IMPLICIT_RETAIN_SELF = YES;
				CLANG_WARN_OBJC_LITERAL_CONVERSION = YES;
				CLANG_WARN_OBJC_ROOT_CLASS = YES_ERROR;
				CLANG_WARN_QUOTED_INCLUDE_IN_FRAMEWORK_HEADER = YES;
				CLANG_WARN_RANGE_LOOP_ANALYSIS = YES;
				CLANG_WARN_STRICT_PROTOTYPES = YES;
				CLANG_WARN_SUSPICIOUS_MOVE = YES;
				CLANG_WARN_UNGUARDED_AVAILABILITY = YES_AGGRESSIVE;
				CLANG_WARN_UNREACHABLE_CODE = YES;
				CLANG_WARN__DUPLICATE_METHOD_MATCH = YES;
				COPY_PHASE_STRIP = NO;
				DEBUG_INFORMATION_FORMAT = dwarf;
				ENABLE_STRICT_OBJC_MSGSEND = YES;
				ENABLE_TESTABILITY = YES;
				GCC_C_LANGUAGE_STANDARD = gnu11;
				GCC_DYNAMIC_NO_PIC = NO;
				GCC_NO_COMMON_BLOCKS = YES;
				GCC_OPTIMIZATION_LEVEL = 0;
				GCC_PREPROCESSOR_DEFINITIONS = (
					"DEBUG=1",
					"$(inherited)",
				);
				GCC_WARN_64_TO_32_BIT_CONVERSION = YES;
				GCC_WARN_ABOUT_RETURN_TYPE = YES_ERROR;
				GCC_WARN_UNDECLARED_SELECTOR = YES;
				GCC_WARN_UNINITIALIZED_AUTOS = YES_AGGRESSIVE;
				GCC_WARN_UNUSED_FUNCTION = YES;
				GCC_WARN_UNUSED_VARIABLE = YES;
				IPHONEOS_DEPLOYMENT_TARGET = 14.1;
				MTL_ENABLE_DEBUG_INFO = INCLUDE_SOURCE;
				MTL_FAST_MATH = YES;
				ONLY_ACTIVE_ARCH = YES;
				SDKROOT = iphoneos;
				SWIFT_ACTIVE_COMPILATION_CONDITIONS = DEBUG;
				SWIFT_OPTIMIZATION_LEVEL = "-Onone";
			};
			name = Debug;
		};
		AB4C2C75254DEE78001CE842 /* Release */ = {
			isa = XCBuildConfiguration;
			buildSettings = {
				ALWAYS_SEARCH_USER_PATHS = NO;
				CLANG_ANALYZER_NONNULL = YES;
				CLANG_ANALYZER_NUMBER_OBJECT_CONVERSION = YES_AGGRESSIVE;
				CLANG_CXX_LANGUAGE_STANDARD = "gnu++14";
				CLANG_CXX_LIBRARY = "libc++";
				CLANG_ENABLE_MODULES = YES;
				CLANG_ENABLE_OBJC_ARC = YES;
				CLANG_ENABLE_OBJC_WEAK = YES;
				CLANG_WARN_BLOCK_CAPTURE_AUTORELEASING = YES;
				CLANG_WARN_BOOL_CONVERSION = YES;
				CLANG_WARN_COMMA = YES;
				CLANG_WARN_CONSTANT_CONVERSION = YES;
				CLANG_WARN_DEPRECATED_OBJC_IMPLEMENTATIONS = YES;
				CLANG_WARN_DIRECT_OBJC_ISA_USAGE = YES_ERROR;
				CLANG_WARN_DOCUMENTATION_COMMENTS = YES;
				CLANG_WARN_EMPTY_BODY = YES;
				CLANG_WARN_ENUM_CONVERSION = YES;
				CLANG_WARN_INFINITE_RECURSION = YES;
				CLANG_WARN_INT_CONVERSION = YES;
				CLANG_WARN_NON_LITERAL_NULL_CONVERSION = YES;
				CLANG_WARN_OBJC_IMPLICIT_RETAIN_SELF = YES;
				CLANG_WARN_OBJC_LITERAL_CONVERSION = YES;
				CLANG_WARN_OBJC_ROOT_CLASS = YES_ERROR;
				CLANG_WARN_QUOTED_INCLUDE_IN_FRAMEWORK_HEADER = YES;
				CLANG_WARN_RANGE_LOOP_ANALYSIS = YES;
				CLANG_WARN_STRICT_PROTOTYPES = YES;
				CLANG_WARN_SUSPICIOUS_MOVE = YES;
				CLANG_WARN_UNGUARDED_AVAILABILITY = YES_AGGRESSIVE;
				CLANG_WARN_UNREACHABLE_CODE = YES;
				CLANG_WARN__DUPLICATE_METHOD_MATCH = YES;
				COPY_PHASE_STRIP = NO;
				DEBUG_INFORMATION_FORMAT = "dwarf-with-dsym";
				ENABLE_NS_ASSERTIONS = NO;
				ENABLE_STRICT_OBJC_MSGSEND = YES;
				GCC_C_LANGUAGE_STANDARD = gnu11;
				GCC_NO_COMMON_BLOCKS = YES;
				GCC_WARN_64_TO_32_BIT_CONVERSION = YES;
				GCC_WARN_ABOUT_RETURN_TYPE = YES_ERROR;
				GCC_WARN_UNDECLARED_SELECTOR = YES;
				GCC_WARN_UNINITIALIZED_AUTOS = YES_AGGRESSIVE;
				GCC_WARN_UNUSED_FUNCTION = YES;
				GCC_WARN_UNUSED_VARIABLE = YES;
				IPHONEOS_DEPLOYMENT_TARGET = 14.1;
				MTL_ENABLE_DEBUG_INFO = NO;
				MTL_FAST_MATH = YES;
				SDKROOT = iphoneos;
				SWIFT_COMPILATION_MODE = wholemodule;
				SWIFT_OPTIMIZATION_LEVEL = "-O";
				VALIDATE_PRODUCT = YES;
			};
			name = Release;
		};
		AB4C2C77254DEE78001CE842 /* Debug */ = {
			isa = XCBuildConfiguration;
			baseConfigurationReference = B8A53892B7CBAB50C55AE002 /* Pods-Thai-For-Beginer.debug.xcconfig */;
			buildSettings = {
				ASSETCATALOG_COMPILER_APPICON_NAME = AppIcon;
				ASSETCATALOG_COMPILER_GLOBAL_ACCENT_COLOR_NAME = AccentColor;
				CODE_SIGN_STYLE = Automatic;
				DEVELOPMENT_TEAM = ZD74G4QNW2;
				INFOPLIST_FILE = "Thai-For-Beginer/Info.plist";
				LD_RUNPATH_SEARCH_PATHS = (
					"$(inherited)",
					"@executable_path/Frameworks",
				);
				PRODUCT_BUNDLE_IDENTIFIER = "com.wgoweb.Thai-For-Beginer";
				PRODUCT_NAME = "$(TARGET_NAME)";
				SWIFT_VERSION = 5.0;
				TARGETED_DEVICE_FAMILY = 1;
			};
			name = Debug;
		};
		AB4C2C78254DEE78001CE842 /* Release */ = {
			isa = XCBuildConfiguration;
			baseConfigurationReference = 80DEA38A933329E4A20B499D /* Pods-Thai-For-Beginer.release.xcconfig */;
			buildSettings = {
				ASSETCATALOG_COMPILER_APPICON_NAME = AppIcon;
				ASSETCATALOG_COMPILER_GLOBAL_ACCENT_COLOR_NAME = AccentColor;
				CODE_SIGN_STYLE = Automatic;
				DEVELOPMENT_TEAM = ZD74G4QNW2;
				INFOPLIST_FILE = "Thai-For-Beginer/Info.plist";
				LD_RUNPATH_SEARCH_PATHS = (
					"$(inherited)",
					"@executable_path/Frameworks",
				);
				PRODUCT_BUNDLE_IDENTIFIER = "com.wgoweb.Thai-For-Beginer";
				PRODUCT_NAME = "$(TARGET_NAME)";
				SWIFT_VERSION = 5.0;
				TARGETED_DEVICE_FAMILY = 1;
			};
			name = Release;
		};
/* End XCBuildConfiguration section */

/* Begin XCConfigurationList section */
		AB4C2C5D254DEE75001CE842 /* Build configuration list for PBXProject "Thai-For-Beginer" */ = {
			isa = XCConfigurationList;
			buildConfigurations = (
				AB4C2C74254DEE78001CE842 /* Debug */,
				AB4C2C75254DEE78001CE842 /* Release */,
			);
			defaultConfigurationIsVisible = 0;
			defaultConfigurationName = Release;
		};
		AB4C2C76254DEE78001CE842 /* Build configuration list for PBXNativeTarget "Thai-For-Beginer" */ = {
			isa = XCConfigurationList;
			buildConfigurations = (
				AB4C2C77254DEE78001CE842 /* Debug */,
				AB4C2C78254DEE78001CE842 /* Release */,
			);
			defaultConfigurationIsVisible = 0;
			defaultConfigurationName = Release;
		};
/* End XCConfigurationList section */

/* Begin XCVersionGroup section */
		AB4C2D40254FFCC3001CE842 /* ThaiForBeginerCoreData.xcdatamodeld */ = {
			isa = XCVersionGroup;
			children = (
				AB4C2D41254FFCC3001CE842 /* ThaiForBeginerCoreData.xcdatamodel */,
			);
			currentVersion = AB4C2D41254FFCC3001CE842 /* ThaiForBeginerCoreData.xcdatamodel */;
			path = ThaiForBeginerCoreData.xcdatamodeld;
			sourceTree = "<group>";
			versionGroupType = wrapper.xcdatamodel;
		};
/* End XCVersionGroup section */
	};
	rootObject = AB4C2C5A254DEE75001CE842 /* Project object */;
}
